// !$*UTF8*$!
{
	archiveVersion = 1;
	classes = {
	};
	objectVersion = 46;
	objects = {

/* Begin PBXBuildFile section */
		A9983A841B6A642D00B0AB99 /* MarkNoteParser.swift in Sources */ = {isa = PBXBuildFile; fileRef = A9983A831B6A642D00B0AB99 /* MarkNoteParser.swift */; };
		A9C1B7441B63295C00A89EFD /* AppDelegate.swift in Sources */ = {isa = PBXBuildFile; fileRef = A9C1B7431B63295C00A89EFD /* AppDelegate.swift */; };
		A9C1B7461B63295C00A89EFD /* ViewController.swift in Sources */ = {isa = PBXBuildFile; fileRef = A9C1B7451B63295C00A89EFD /* ViewController.swift */; };
		A9C1B7491B63295C00A89EFD /* Main.storyboard in Resources */ = {isa = PBXBuildFile; fileRef = A9C1B7471B63295C00A89EFD /* Main.storyboard */; };
		A9C1B74B1B63295C00A89EFD /* Images.xcassets in Resources */ = {isa = PBXBuildFile; fileRef = A9C1B74A1B63295C00A89EFD /* Images.xcassets */; };
		A9C1B74E1B63295C00A89EFD /* LaunchScreen.xib in Resources */ = {isa = PBXBuildFile; fileRef = A9C1B74C1B63295C00A89EFD /* LaunchScreen.xib */; };
		A9C1B75A1B63295C00A89EFD /* MarkNoteParserTests.swift in Sources */ = {isa = PBXBuildFile; fileRef = A9C1B7591B63295C00A89EFD /* MarkNoteParserTests.swift */; };
		A9C1B7671B63899E00A89EFD /* StringExtensions.swift in Sources */ = {isa = PBXBuildFile; fileRef = A9C1B7661B63899E00A89EFD /* StringExtensions.swift */; };
/* End PBXBuildFile section */

/* Begin PBXContainerItemProxy section */
		A9C1B7541B63295C00A89EFD /* PBXContainerItemProxy */ = {
			isa = PBXContainerItemProxy;
			containerPortal = A9C1B7361B63295C00A89EFD /* Project object */;
			proxyType = 1;
			remoteGlobalIDString = A9C1B73D1B63295C00A89EFD;
			remoteInfo = MarkNoteParser;
		};
/* End PBXContainerItemProxy section */

/* Begin PBXFileReference section */
		A9983A831B6A642D00B0AB99 /* MarkNoteParser.swift */ = {isa = PBXFileReference; fileEncoding = 4; lastKnownFileType = sourcecode.swift; path = MarkNoteParser.swift; sourceTree = "<group>"; };
		A9C1B73E1B63295C00A89EFD /* MarkNoteParser.app */ = {isa = PBXFileReference; explicitFileType = wrapper.application; includeInIndex = 0; path = MarkNoteParser.app; sourceTree = BUILT_PRODUCTS_DIR; };
		A9C1B7421B63295C00A89EFD /* Info.plist */ = {isa = PBXFileReference; lastKnownFileType = text.plist.xml; path = Info.plist; sourceTree = "<group>"; };
		A9C1B7431B63295C00A89EFD /* AppDelegate.swift */ = {isa = PBXFileReference; lastKnownFileType = sourcecode.swift; path = AppDelegate.swift; sourceTree = "<group>"; };
		A9C1B7451B63295C00A89EFD /* ViewController.swift */ = {isa = PBXFileReference; lastKnownFileType = sourcecode.swift; path = ViewController.swift; sourceTree = "<group>"; };
		A9C1B7481B63295C00A89EFD /* Base */ = {isa = PBXFileReference; lastKnownFileType = file.storyboard; name = Base; path = Base.lproj/Main.storyboard; sourceTree = "<group>"; };
		A9C1B74A1B63295C00A89EFD /* Images.xcassets */ = {isa = PBXFileReference; lastKnownFileType = folder.assetcatalog; path = Images.xcassets; sourceTree = "<group>"; };
		A9C1B74D1B63295C00A89EFD /* Base */ = {isa = PBXFileReference; lastKnownFileType = file.xib; name = Base; path = Base.lproj/LaunchScreen.xib; sourceTree = "<group>"; };
		A9C1B7531B63295C00A89EFD /* MarkNoteParserTests.xctest */ = {isa = PBXFileReference; explicitFileType = wrapper.cfbundle; includeInIndex = 0; path = MarkNoteParserTests.xctest; sourceTree = BUILT_PRODUCTS_DIR; };
		A9C1B7581B63295C00A89EFD /* Info.plist */ = {isa = PBXFileReference; lastKnownFileType = text.plist.xml; path = Info.plist; sourceTree = "<group>"; };
		A9C1B7591B63295C00A89EFD /* MarkNoteParserTests.swift */ = {isa = PBXFileReference; lastKnownFileType = sourcecode.swift; path = MarkNoteParserTests.swift; sourceTree = "<group>"; };
		A9C1B7661B63899E00A89EFD /* StringExtensions.swift */ = {isa = PBXFileReference; fileEncoding = 4; lastKnownFileType = sourcecode.swift; path = StringExtensions.swift; sourceTree = "<group>"; };
/* End PBXFileReference section */

/* Begin PBXFrameworksBuildPhase section */
		A9C1B73B1B63295C00A89EFD /* Frameworks */ = {
			isa = PBXFrameworksBuildPhase;
			buildActionMask = 2147483647;
			files = (
			);
			runOnlyForDeploymentPostprocessing = 0;
		};
		A9C1B7501B63295C00A89EFD /* Frameworks */ = {
			isa = PBXFrameworksBuildPhase;
			buildActionMask = 2147483647;
			files = (
			);
			runOnlyForDeploymentPostprocessing = 0;
		};
/* End PBXFrameworksBuildPhase section */

/* Begin PBXGroup section */
		A9C1B7351B63295C00A89EFD = {
			isa = PBXGroup;
			children = (
				A9C1B7401B63295C00A89EFD /* MarkNoteParser */,
				A9C1B7561B63295C00A89EFD /* MarkNoteParserTests */,
				A9C1B73F1B63295C00A89EFD /* Products */,
			);
			sourceTree = "<group>";
		};
		A9C1B73F1B63295C00A89EFD /* Products */ = {
			isa = PBXGroup;
			children = (
				A9C1B73E1B63295C00A89EFD /* MarkNoteParser.app */,
				A9C1B7531B63295C00A89EFD /* MarkNoteParserTests.xctest */,
			);
			name = Products;
			sourceTree = "<group>";
		};
		A9C1B7401B63295C00A89EFD /* MarkNoteParser */ = {
			isa = PBXGroup;
			children = (
				A9983A831B6A642D00B0AB99 /* MarkNoteParser.swift */,
				A9C1B7651B63899E00A89EFD /* util */,
				A9C1B7431B63295C00A89EFD /* AppDelegate.swift */,
				A9C1B7451B63295C00A89EFD /* ViewController.swift */,
				A9C1B7471B63295C00A89EFD /* Main.storyboard */,
				A9C1B74A1B63295C00A89EFD /* Images.xcassets */,
				A9C1B74C1B63295C00A89EFD /* LaunchScreen.xib */,
				A9C1B7411B63295C00A89EFD /* Supporting Files */,
			);
			path = MarkNoteParser;
			sourceTree = "<group>";
		};
		A9C1B7411B63295C00A89EFD /* Supporting Files */ = {
			isa = PBXGroup;
			children = (
				A9C1B7421B63295C00A89EFD /* Info.plist */,
			);
			name = "Supporting Files";
			sourceTree = "<group>";
		};
		A9C1B7561B63295C00A89EFD /* MarkNoteParserTests */ = {
			isa = PBXGroup;
			children = (
				A9C1B7591B63295C00A89EFD /* MarkNoteParserTests.swift */,
				A9C1B7571B63295C00A89EFD /* Supporting Files */,
			);
			path = MarkNoteParserTests;
			sourceTree = "<group>";
		};
		A9C1B7571B63295C00A89EFD /* Supporting Files */ = {
			isa = PBXGroup;
			children = (
				A9C1B7581B63295C00A89EFD /* Info.plist */,
			);
			name = "Supporting Files";
			sourceTree = "<group>";
		};
		A9C1B7651B63899E00A89EFD /* util */ = {
			isa = PBXGroup;
			children = (
				A9C1B7661B63899E00A89EFD /* StringExtensions.swift */,
			);
			path = util;
			sourceTree = "<group>";
		};
/* End PBXGroup section */

/* Begin PBXNativeTarget section */
		A9C1B73D1B63295C00A89EFD /* MarkNoteParser */ = {
			isa = PBXNativeTarget;
			buildConfigurationList = A9C1B75D1B63295C00A89EFD /* Build configuration list for PBXNativeTarget "MarkNoteParser" */;
			buildPhases = (
				A9C1B73A1B63295C00A89EFD /* Sources */,
				A9C1B73B1B63295C00A89EFD /* Frameworks */,
				A9C1B73C1B63295C00A89EFD /* Resources */,
			);
			buildRules = (
			);
			dependencies = (
			);
			name = MarkNoteParser;
			productName = MarkNoteParser;
			productReference = A9C1B73E1B63295C00A89EFD /* MarkNoteParser.app */;
			productType = "com.apple.product-type.application";
		};
		A9C1B7521B63295C00A89EFD /* MarkNoteParserTests */ = {
			isa = PBXNativeTarget;
			buildConfigurationList = A9C1B7601B63295C00A89EFD /* Build configuration list for PBXNativeTarget "MarkNoteParserTests" */;
			buildPhases = (
				A9C1B74F1B63295C00A89EFD /* Sources */,
				A9C1B7501B63295C00A89EFD /* Frameworks */,
				A9C1B7511B63295C00A89EFD /* Resources */,
			);
			buildRules = (
			);
			dependencies = (
				A9C1B7551B63295C00A89EFD /* PBXTargetDependency */,
			);
			name = MarkNoteParserTests;
			productName = MarkNoteParserTests;
			productReference = A9C1B7531B63295C00A89EFD /* MarkNoteParserTests.xctest */;
			productType = "com.apple.product-type.bundle.unit-test";
		};
/* End PBXNativeTarget section */

/* Begin PBXProject section */
		A9C1B7361B63295C00A89EFD /* Project object */ = {
			isa = PBXProject;
			attributes = {
				LastUpgradeCheck = 0640;
				ORGANIZATIONNAME = MarkNote;
				TargetAttributes = {
					A9C1B73D1B63295C00A89EFD = {
						CreatedOnToolsVersion = 6.4;
					};
					A9C1B7521B63295C00A89EFD = {
						CreatedOnToolsVersion = 6.4;
						TestTargetID = A9C1B73D1B63295C00A89EFD;
					};
				};
			};
			buildConfigurationList = A9C1B7391B63295C00A89EFD /* Build configuration list for PBXProject "MarkNoteParser" */;
			compatibilityVersion = "Xcode 3.2";
			developmentRegion = English;
			hasScannedForEncodings = 0;
			knownRegions = (
				en,
				Base,
			);
			mainGroup = A9C1B7351B63295C00A89EFD;
			productRefGroup = A9C1B73F1B63295C00A89EFD /* Products */;
			projectDirPath = "";
			projectRoot = "";
			targets = (
				A9C1B73D1B63295C00A89EFD /* MarkNoteParser */,
				A9C1B7521B63295C00A89EFD /* MarkNoteParserTests */,
			);
		};
/* End PBXProject section */

/* Begin PBXResourcesBuildPhase section */
		A9C1B73C1B63295C00A89EFD /* Resources */ = {
			isa = PBXResourcesBuildPhase;
			buildActionMask = 2147483647;
			files = (
				A9C1B7491B63295C00A89EFD /* Main.storyboard in Resources */,
				A9C1B74E1B63295C00A89EFD /* LaunchScreen.xib in Resources */,
				A9C1B74B1B63295C00A89EFD /* Images.xcassets in Resources */,
			);
			runOnlyForDeploymentPostprocessing = 0;
		};
		A9C1B7511B63295C00A89EFD /* Resources */ = {
			isa = PBXResourcesBuildPhase;
			buildActionMask = 2147483647;
			files = (
			);
			runOnlyForDeploymentPostprocessing = 0;
		};
/* End PBXResourcesBuildPhase section */

/* Begin PBXSourcesBuildPhase section */
		A9C1B73A1B63295C00A89EFD /* Sources */ = {
			isa = PBXSourcesBuildPhase;
			buildActionMask = 2147483647;
			files = (
				A9C1B7671B63899E00A89EFD /* StringExtensions.swift in Sources */,
				A9983A841B6A642D00B0AB99 /* MarkNoteParser.swift in Sources */,
				A9C1B7461B63295C00A89EFD /* ViewController.swift in Sources */,
				A9C1B7441B63295C00A89EFD /* AppDelegate.swift in Sources */,
			);
			runOnlyForDeploymentPostprocessing = 0;
		};
		A9C1B74F1B63295C00A89EFD /* Sources */ = {
			isa = PBXSourcesBuildPhase;
			buildActionMask = 2147483647;
			files = (
				A9C1B75A1B63295C00A89EFD /* MarkNoteParserTests.swift in Sources */,
			);
			runOnlyForDeploymentPostprocessing = 0;
		};
/* End PBXSourcesBuildPhase section */

/* Begin PBXTargetDependency section */
		A9C1B7551B63295C00A89EFD /* PBXTargetDependency */ = {
			isa = PBXTargetDependency;
			target = A9C1B73D1B63295C00A89EFD /* MarkNoteParser */;
			targetProxy = A9C1B7541B63295C00A89EFD /* PBXContainerItemProxy */;
		};
/* End PBXTargetDependency section */

/* Begin PBXVariantGroup section */
		A9C1B7471B63295C00A89EFD /* Main.storyboard */ = {
			isa = PBXVariantGroup;
			children = (
				A9C1B7481B63295C00A89EFD /* Base */,
			);
			name = Main.storyboard;
			sourceTree = "<group>";
		};
		A9C1B74C1B63295C00A89EFD /* LaunchScreen.xib */ = {
			isa = PBXVariantGroup;
			children = (
				A9C1B74D1B63295C00A89EFD /* Base */,
			);
			name = LaunchScreen.xib;
			sourceTree = "<group>";
		};
/* End PBXVariantGroup section */

/* Begin XCBuildConfiguration section */
		A9C1B75B1B63295C00A89EFD /* Debug */ = {
			isa = XCBuildConfiguration;
			buildSettings = {
				ALWAYS_SEARCH_USER_PATHS = NO;
				CLANG_CXX_LANGUAGE_STANDARD = "gnu++0x";
				CLANG_CXX_LIBRARY = "libc++";
				CLANG_ENABLE_MODULES = YES;
				CLANG_ENABLE_OBJC_ARC = YES;
				CLANG_WARN_BOOL_CONVERSION = YES;
				CLANG_WARN_CONSTANT_CONVERSION = YES;
				CLANG_WARN_DIRECT_OBJC_ISA_USAGE = YES_ERROR;
				CLANG_WARN_EMPTY_BODY = YES;
				CLANG_WARN_ENUM_CONVERSION = YES;
				CLANG_WARN_INT_CONVERSION = YES;
				CLANG_WARN_OBJC_ROOT_CLASS = YES_ERROR;
				CLANG_WARN_UNREACHABLE_CODE = YES;
				CLANG_WARN__DUPLICATE_METHOD_MATCH = YES;
				"CODE_SIGN_IDENTITY[sdk=iphoneos*]" = "iPhone Developer";
				COPY_PHASE_STRIP = NO;
				DEBUG_INFORMATION_FORMAT = "dwarf-with-dsym";
				ENABLE_STRICT_OBJC_MSGSEND = YES;
				GCC_C_LANGUAGE_STANDARD = gnu99;
				GCC_DYNAMIC_NO_PIC = NO;
				GCC_NO_COMMON_BLOCKS = YES;
				GCC_OPTIMIZATION_LEVEL = 0;
				GCC_PREPROCESSOR_DEFINITIONS = (
					"DEBUG=1",
					"$(inherited)",
				);
				GCC_SYMBOLS_PRIVATE_EXTERN = NO;
				GCC_WARN_64_TO_32_BIT_CONVERSION = YES;
				GCC_WARN_ABOUT_RETURN_TYPE = YES_ERROR;
				GCC_WARN_UNDECLARED_SELECTOR = YES;
				GCC_WARN_UNINITIALIZED_AUTOS = YES_AGGRESSIVE;
				GCC_WARN_UNUSED_FUNCTION = YES;
				GCC_WARN_UNUSED_VARIABLE = YES;
				IPHONEOS_DEPLOYMENT_TARGET = 8.4;
				MTL_ENABLE_DEBUG_INFO = YES;
				ONLY_ACTIVE_ARCH = YES;
				SDKROOT = iphoneos;
				SWIFT_OPTIMIZATION_LEVEL = "-Onone";
			};
			name = Debug;
		};
		A9C1B75C1B63295C00A89EFD /* Release */ = {
			isa = XCBuildConfiguration;
			buildSettings = {
				ALWAYS_SEARCH_USER_PATHS = NO;
				CLANG_CXX_LANGUAGE_STANDARD = "gnu++0x";
				CLANG_CXX_LIBRARY = "libc++";
				CLANG_ENABLE_MODULES = YES;
				CLANG_ENABLE_OBJC_ARC = YES;
				CLANG_WARN_BOOL_CONVERSION = YES;
				CLANG_WARN_CONSTANT_CONVERSION = YES;
				CLANG_WARN_DIRECT_OBJC_ISA_USAGE = YES_ERROR;
				CLANG_WARN_EMPTY_BODY = YES;
				CLANG_WARN_ENUM_CONVERSION = YES;
				CLANG_WARN_INT_CONVERSION = YES;
				CLANG_WARN_OBJC_ROOT_CLASS = YES_ERROR;
				CLANG_WARN_UNREACHABLE_CODE = YES;
				CLANG_WARN__DUPLICATE_METHOD_MATCH = YES;
				"CODE_SIGN_IDENTITY[sdk=iphoneos*]" = "iPhone Developer";
				COPY_PHASE_STRIP = NO;
				DEBUG_INFORMATION_FORMAT = "dwarf-with-dsym";
				ENABLE_NS_ASSERTIONS = NO;
				ENABLE_STRICT_OBJC_MSGSEND = YES;
				GCC_C_LANGUAGE_STANDARD = gnu99;
				GCC_NO_COMMON_BLOCKS = YES;
				GCC_WARN_64_TO_32_BIT_CONVERSION = YES;
				GCC_WARN_ABOUT_RETURN_TYPE = YES_ERROR;
				GCC_WARN_UNDECLARED_SELECTOR = YES;
				GCC_WARN_UNINITIALIZED_AUTOS = YES_AGGRESSIVE;
				GCC_WARN_UNUSED_FUNCTION = YES;
				GCC_WARN_UNUSED_VARIABLE = YES;
				IPHONEOS_DEPLOYMENT_TARGET = 8.4;
				MTL_ENABLE_DEBUG_INFO = NO;
				SDKROOT = iphoneos;
				VALIDATE_PRODUCT = YES;
			};
			name = Release;
		};
		A9C1B75E1B63295C00A89EFD /* Debug */ = {
			isa = XCBuildConfiguration;
			buildSettings = {
				ASSETCATALOG_COMPILER_APPICON_NAME = AppIcon;
				INFOPLIST_FILE = MarkNoteParser/Info.plist;
				LD_RUNPATH_SEARCH_PATHS = "$(inherited) @executable_path/Frameworks";
				PRODUCT_NAME = "$(TARGET_NAME)";
			};
			name = Debug;
		};
		A9C1B75F1B63295C00A89EFD /* Release */ = {
			isa = XCBuildConfiguration;
			buildSettings = {
				ASSETCATALOG_COMPILER_APPICON_NAME = AppIcon;
				INFOPLIST_FILE = MarkNoteParser/Info.plist;
				LD_RUNPATH_SEARCH_PATHS = "$(inherited) @executable_path/Frameworks";
				PRODUCT_NAME = "$(TARGET_NAME)";
			};
			name = Release;
		};
		A9C1B7611B63295C00A89EFD /* Debug */ = {
			isa = XCBuildConfiguration;
			buildSettings = {
				BUNDLE_LOADER = "$(TEST_HOST)";
				FRAMEWORK_SEARCH_PATHS = (
					"$(SDKROOT)/Developer/Library/Frameworks",
					"$(inherited)",
				);
				GCC_PREPROCESSOR_DEFINITIONS = (
					"DEBUG=1",
					"$(inherited)",
				);
				INFOPLIST_FILE = MarkNoteParserTests/Info.plist;
				LD_RUNPATH_SEARCH_PATHS = "$(inherited) @executable_path/Frameworks @loader_path/Frameworks";
				PRODUCT_NAME = "$(TARGET_NAME)";
				TEST_HOST = "$(BUILT_PRODUCTS_DIR)/MarkNoteParser.app/MarkNoteParser";
			};
			name = Debug;
		};
		A9C1B7621B63295C00A89EFD /* Release */ = {
			isa = XCBuildConfiguration;
			buildSettings = {
				BUNDLE_LOADER = "$(TEST_HOST)";
				FRAMEWORK_SEARCH_PATHS = (
					"$(SDKROOT)/Developer/Library/Frameworks",
					"$(inherited)",
				);
				INFOPLIST_FILE = MarkNoteParserTests/Info.plist;
				LD_RUNPATH_SEARCH_PATHS = "$(inherited) @executable_path/Frameworks @loader_path/Frameworks";
				PRODUCT_NAME = "$(TARGET_NAME)";
				TEST_HOST = "$(BUILT_PRODUCTS_DIR)/MarkNoteParser.app/MarkNoteParser";
			};
			name = Release;
		};
/* End XCBuildConfiguration section */

/* Begin XCConfigurationList section */
		A9C1B7391B63295C00A89EFD /* Build configuration list for PBXProject "MarkNoteParser" */ = {
			isa = XCConfigurationList;
			buildConfigurations = (
				A9C1B75B1B63295C00A89EFD /* Debug */,
				A9C1B75C1B63295C00A89EFD /* Release */,
			);
			defaultConfigurationIsVisible = 0;
			defaultConfigurationName = Release;
		};
		A9C1B75D1B63295C00A89EFD /* Build configuration list for PBXNativeTarget "MarkNoteParser" */ = {
			isa = XCConfigurationList;
			buildConfigurations = (
				A9C1B75E1B63295C00A89EFD /* Debug */,
				A9C1B75F1B63295C00A89EFD /* Release */,
			);
			defaultConfigurationIsVisible = 0;
			defaultConfigurationName = Release;
		};
		A9C1B7601B63295C00A89EFD /* Build configuration list for PBXNativeTarget "MarkNoteParserTests" */ = {
			isa = XCConfigurationList;
			buildConfigurations = (
				A9C1B7611B63295C00A89EFD /* Debug */,
				A9C1B7621B63295C00A89EFD /* Release */,
			);
			defaultConfigurationIsVisible = 0;
			defaultConfigurationName = Release;
		};
/* End XCConfigurationList section */
	};
	rootObject = A9C1B7361B63295C00A89EFD /* Project object */;
}
